
Microsoft Visual Studio Solution File, Format Version 12.00
# Visual Studio 2012
Project("{FAE04EC0-301F-11D3-BF4B-00C04F79EFBC}") = "Problem1", "CodeAbbey\Problem1.csproj", "{DC15A7A5-ACC5-4CD5-BC02-C19B25EAAA0C}"
EndProject
Project("{FAE04EC0-301F-11D3-BF4B-00C04F79EFBC}") = "Problem2", "Problem2\Problem2.csproj", "{CDEAF5E5-15A8-4F6C-A473-E3DF9D4EBBDC}"
EndProject
Project("{FAE04EC0-301F-11D3-BF4B-00C04F79EFBC}") = "Problem3", "Problem3\Problem3.csproj", "{A07D6068-63A6-4912-9475-B063FDFFD0CF}"
EndProject
Project("{FAE04EC0-301F-11D3-BF4B-00C04F79EFBC}") = "Problem4", "Problem4\Problem4.csproj", "{66148DFC-5917-4442-A7FB-7653F851AA84}"
EndProject
Project("{FAE04EC0-301F-11D3-BF4B-00C04F79EFBC}") = "Problem5", "Problem5\Problem5.csproj", "{55186F0E-79E4-4D1D-B2C5-9A3A2341DD08}"
EndProject
Project("{FAE04EC0-301F-11D3-BF4B-00C04F79EFBC}") = "Problem15", "Problem6\Problem15.csproj", "{309A148D-9921-41EC-B65E-57E700DF185B}"
EndProject
Project("{FAE04EC0-301F-11D3-BF4B-00C04F79EFBC}") = "Problem06", "Problem06\Problem06.csproj", "{519F1C6B-E729-400A-8211-390D8F68CE1D}"
EndProject
Project("{FAE04EC0-301F-11D3-BF4B-00C04F79EFBC}") = "Problem7", "Problem7\Problem7.csproj", "{1259EA51-FF8A-4FFD-822A-E194F53AF2F5}"
EndProject
Project("{FAE04EC0-301F-11D3-BF4B-00C04F79EFBC}") = "Problem20", "Problem20\Problem20.csproj", "{3FF253EB-FEAE-4ED6-8592-DB694658BAB8}"
EndProject
Project("{FAE04EC0-301F-11D3-BF4B-00C04F79EFBC}") = "Problem41", "Problem41\Problem41.csproj", "{9CE3DD86-0891-4B7F-9FDD-1F2F30D0CDE4}"
EndProject
Global
	GlobalSection(SolutionConfigurationPlatforms) = preSolution
		Debug|x86 = Debug|x86
		Release|x86 = Release|x86
	EndGlobalSection
	GlobalSection(ProjectConfigurationPlatforms) = postSolution
		{1259EA51-FF8A-4FFD-822A-E194F53AF2F5}.Debug|x86.ActiveCfg = Debug|x86
		{1259EA51-FF8A-4FFD-822A-E194F53AF2F5}.Debug|x86.Build.0 = Debug|x86
		{1259EA51-FF8A-4FFD-822A-E194F53AF2F5}.Release|x86.ActiveCfg = Release|x86
		{1259EA51-FF8A-4FFD-822A-E194F53AF2F5}.Release|x86.Build.0 = Release|x86
		{309A148D-9921-41EC-B65E-57E700DF185B}.Debug|x86.ActiveCfg = Debug|x86
		{309A148D-9921-41EC-B65E-57E700DF185B}.Debug|x86.Build.0 = Debug|x86
		{309A148D-9921-41EC-B65E-57E700DF185B}.Release|x86.ActiveCfg = Release|x86
		{309A148D-9921-41EC-B65E-57E700DF185B}.Release|x86.Build.0 = Release|x86
		{3FF253EB-FEAE-4ED6-8592-DB694658BAB8}.Debug|x86.ActiveCfg = Debug|x86
		{3FF253EB-FEAE-4ED6-8592-DB694658BAB8}.Debug|x86.Build.0 = Debug|x86
		{3FF253EB-FEAE-4ED6-8592-DB694658BAB8}.Release|x86.ActiveCfg = Release|x86
		{3FF253EB-FEAE-4ED6-8592-DB694658BAB8}.Release|x86.Build.0 = Release|x86
		{519F1C6B-E729-400A-8211-390D8F68CE1D}.Debug|x86.ActiveCfg = Debug|x86
		{519F1C6B-E729-400A-8211-390D8F68CE1D}.Debug|x86.Build.0 = Debug|x86
		{519F1C6B-E729-400A-8211-390D8F68CE1D}.Release|x86.ActiveCfg = Release|x86
		{519F1C6B-E729-400A-8211-390D8F68CE1D}.Release|x86.Build.0 = Release|x86
		{55186F0E-79E4-4D1D-B2C5-9A3A2341DD08}.Debug|x86.ActiveCfg = Debug|x86
		{55186F0E-79E4-4D1D-B2C5-9A3A2341DD08}.Debug|x86.Build.0 = Debug|x86
		{55186F0E-79E4-4D1D-B2C5-9A3A2341DD08}.Release|x86.ActiveCfg = Release|x86
		{55186F0E-79E4-4D1D-B2C5-9A3A2341DD08}.Release|x86.Build.0 = Release|x86
		{66148DFC-5917-4442-A7FB-7653F851AA84}.Debug|x86.ActiveCfg = Debug|x86
		{66148DFC-5917-4442-A7FB-7653F851AA84}.Debug|x86.Build.0 = Debug|x86
		{66148DFC-5917-4442-A7FB-7653F851AA84}.Release|x86.ActiveCfg = Release|x86
		{66148DFC-5917-4442-A7FB-7653F851AA84}.Release|x86.Build.0 = Release|x86
		{9CE3DD86-0891-4B7F-9FDD-1F2F30D0CDE4}.Debug|x86.ActiveCfg = Debug|x86
		{9CE3DD86-0891-4B7F-9FDD-1F2F30D0CDE4}.Debug|x86.Build.0 = Debug|x86
		{9CE3DD86-0891-4B7F-9FDD-1F2F30D0CDE4}.Release|x86.ActiveCfg = Release|x86
		{9CE3DD86-0891-4B7F-9FDD-1F2F30D0CDE4}.Release|x86.Build.0 = Release|x86
		{A07D6068-63A6-4912-9475-B063FDFFD0CF}.Debug|x86.ActiveCfg = Debug|x86
		{A07D6068-63A6-4912-9475-B063FDFFD0CF}.Debug|x86.Build.0 = Debug|x86
		{A07D6068-63A6-4912-9475-B063FDFFD0CF}.Release|x86.ActiveCfg = Release|x86
		{A07D6068-63A6-4912-9475-B063FDFFD0CF}.Release|x86.Build.0 = Release|x86
		{CDEAF5E5-15A8-4F6C-A473-E3DF9D4EBBDC}.Debug|x86.ActiveCfg = Debug|x86
		{CDEAF5E5-15A8-4F6C-A473-E3DF9D4EBBDC}.Debug|x86.Build.0 = Debug|x86
		{CDEAF5E5-15A8-4F6C-A473-E3DF9D4EBBDC}.Release|x86.ActiveCfg = Release|x86
		{CDEAF5E5-15A8-4F6C-A473-E3DF9D4EBBDC}.Release|x86.Build.0 = Release|x86
		{DC15A7A5-ACC5-4CD5-BC02-C19B25EAAA0C}.Debug|x86.ActiveCfg = Debug|x86
		{DC15A7A5-ACC5-4CD5-BC02-C19B25EAAA0C}.Debug|x86.Build.0 = Debug|x86
		{DC15A7A5-ACC5-4CD5-BC02-C19B25EAAA0C}.Release|x86.ActiveCfg = Release|x86
		{DC15A7A5-ACC5-4CD5-BC02-C19B25EAAA0C}.Release|x86.Build.0 = Release|x86
	EndGlobalSection
EndGlobal
